# THIS IS AN AUTOGENERATED FILE. DO NOT EDIT THIS FILE DIRECTLY.
# yarn lockfile v1


almond@~0.3.1:
  version "0.3.3"
  resolved "https://registry.yarnpkg.com/almond/-/almond-0.3.3.tgz#a0e7c95ac7624d6417b4494b1e68bff693168a20"

bootstrap-dialog@^1.34.6:
  version "1.34.6"
  resolved "https://registry.yarnpkg.com/bootstrap-dialog/-/bootstrap-dialog-1.34.6.tgz#6e5e15a4dc8e0a8ae0c539a50d00628a8da65f0b"

bootstrap@^3.3.7:
  version "3.3.7"
  resolved "https://registry.yarnpkg.com/bootstrap/-/bootstrap-3.3.7.tgz#5a389394549f23330875a3b150656574f8a9eb71"

jquery-mousewheel@~3.1.13:
  version "3.1.13"
  resolved "https://registry.yarnpkg.com/jquery-mousewheel/-/jquery-mousewheel-3.1.13.tgz#06f0335f16e353a695e7206bf50503cb523a6ee5"

jquery@^3.2.1:
  version "3.2.1"
  resolved "https://registry.yarnpkg.com/jquery/-/jquery-3.2.1.tgz#5c4d9de652af6cd0a770154a631bba12b015c787"

select2@^4.0.3:
  version "4.0.3"
  resolved "https://registry.yarnpkg.com/select2/-/select2-4.0.3.tgz#207733fe91eacb9cb1a13f12463401f472449e0f"
  dependencies:
    almond "~0.3.1"
    jquery-mousewheel "~3.1.13"

spectrum-colorpicker@^1.8.0:
  version "1.8.0"
  resolved "https://registry.yarnpkg.com/spectrum-colorpicker/-/spectrum-colorpicker-1.8.0.tgz#b926cf5002c0a77860b5f8351e1c093c65200107"
